
Microsoft Visual Studio Solution File, Format Version 12.00
# Visual Studio Version 16
VisualStudioVersion = 16.0.29025.244
MinimumVisualStudioVersion = 10.0.40219.1
Project("{9A19103F-16F7-4668-BE54-9A1E7A4F7556}") = "FusionScript", "Server\FusionScript.csproj", "{B2C40FF2-FADE-49E7-95BF-227EEF950D5E}"
EndProject
Project("{2150E333-8FDC-42A3-9474-1A3956D46DE8}") = "Shared", "Shared", "{3D9A27CF-BA7E-40F3-BDBE-910EEB6CB28D}"
EndProject
Project("{9A19103F-16F7-4668-BE54-9A1E7A4F7556}") = "DataServiceInterface", "DataServiceInterface\DataServiceInterface.csproj", "{805EABFA-3EB0-4795-845F-7461754AFBD3}"
EndProject
Project("{9A19103F-16F7-4668-BE54-9A1E7A4F7556}") = "DataServiceClient", "DataServiceClient\DataServiceClient.csproj", "{37A55017-30F3-4AF2-A6FD-07DE78458ADF}"
EndProject
Global
	GlobalSection(SolutionConfigurationPlatforms) = preSolution
		Debug|Any CPU = Debug|Any CPU
		Debug|x64 = Debug|x64
		Release|Any CPU = Release|Any CPU
		Release|x64 = Release|x64
	EndGlobalSection
	GlobalSection(ProjectConfigurationPlatforms) = postSolution
		{B2C40FF2-FADE-49E7-95BF-227EEF950D5E}.Debug|Any CPU.ActiveCfg = Debug|x64
		{B2C40FF2-FADE-49E7-95BF-227EEF950D5E}.Debug|Any CPU.Build.0 = Debug|x64
		{B2C40FF2-FADE-49E7-95BF-227EEF950D5E}.Debug|x64.ActiveCfg = Debug|x64
		{B2C40FF2-FADE-49E7-95BF-227EEF950D5E}.Debug|x64.Build.0 = Debug|x64
		{B2C40FF2-FADE-49E7-95BF-227EEF950D5E}.Release|Any CPU.ActiveCfg = Release|x64
		{B2C40FF2-FADE-49E7-95BF-227EEF950D5E}.Release|Any CPU.Build.0 = Release|x64
		{B2C40FF2-FADE-49E7-95BF-227EEF950D5E}.Release|x64.ActiveCfg = Release|x64
		{B2C40FF2-FADE-49E7-95BF-227EEF950D5E}.Release|x64.Build.0 = Release|x64
		{805EABFA-3EB0-4795-845F-7461754AFBD3}.Debug|Any CPU.ActiveCfg = Debug|Any CPU
		{805EABFA-3EB0-4795-845F-7461754AFBD3}.Debug|Any CPU.Build.0 = Debug|Any CPU
		{805EABFA-3EB0-4795-845F-7461754AFBD3}.Debug|x64.ActiveCfg = Debug|Any CPU
		{805EABFA-3EB0-4795-845F-7461754AFBD3}.Debug|x64.Build.0 = Debug|Any CPU
		{805EABFA-3EB0-4795-845F-7461754AFBD3}.Release|Any CPU.ActiveCfg = Release|Any CPU
		{805EABFA-3EB0-4795-845F-7461754AFBD3}.Release|Any CPU.Build.0 = Release|Any CPU
		{805EABFA-3EB0-4795-845F-7461754AFBD3}.Release|x64.ActiveCfg = Release|Any CPU
		{805EABFA-3EB0-4795-845F-7461754AFBD3}.Release|x64.Build.0 = Release|Any CPU
		{37A55017-30F3-4AF2-A6FD-07DE78458ADF}.Debug|Any CPU.ActiveCfg = Debug|Any CPU
		{37A55017-30F3-4AF2-A6FD-07DE78458ADF}.Debug|Any CPU.Build.0 = Debug|Any CPU
		{37A55017-30F3-4AF2-A6FD-07DE78458ADF}.Debug|x64.ActiveCfg = Debug|Any CPU
		{37A55017-30F3-4AF2-A6FD-07DE78458ADF}.Debug|x64.Build.0 = Debug|Any CPU
		{37A55017-30F3-4AF2-A6FD-07DE78458ADF}.Release|Any CPU.ActiveCfg = Release|Any CPU
		{37A55017-30F3-4AF2-A6FD-07DE78458ADF}.Release|Any CPU.Build.0 = Release|Any CPU
		{37A55017-30F3-4AF2-A6FD-07DE78458ADF}.Release|x64.ActiveCfg = Release|Any CPU
		{37A55017-30F3-4AF2-A6FD-07DE78458ADF}.Release|x64.Build.0 = Release|Any CPU
	EndGlobalSection
	GlobalSection(SolutionProperties) = preSolution
		HideSolutionNode = FALSE
	EndGlobalSection
	GlobalSection(NestedProjects) = preSolution
		{805EABFA-3EB0-4795-845F-7461754AFBD3} = {3D9A27CF-BA7E-40F3-BDBE-910EEB6CB28D}
		{37A55017-30F3-4AF2-A6FD-07DE78458ADF} = {3D9A27CF-BA7E-40F3-BDBE-910EEB6CB28D}
	EndGlobalSection
	GlobalSection(ExtensibilityGlobals) = postSolution
		SolutionGuid = {89C4163C-49A1-4ADA-AE7B-93166161359B}
	EndGlobalSection
EndGlobal
